
Microsoft Visual Studio Solution File, Format Version 12.00
# Visual Studio Version 16
VisualStudioVersion = 16.0.31613.86
MinimumVisualStudioVersion = 10.0.40219.1
Project("{888888A0-9F3D-457C-B088-3A5042F75D52}") = "Binary Search", "Binary Search.pyproj", "{058FF713-646E-429B-AE1D-D8EAB0E5431E}"
EndProject
Global
	GlobalSection(SolutionConfigurationPlatforms) = preSolution
		Debug|Any CPU = Debug|Any CPU
		Release|Any CPU = Release|Any CPU
	EndGlobalSection
	GlobalSection(ProjectConfigurationPlatforms) = postSolution
		{058FF713-646E-429B-AE1D-D8EAB0E5431E}.Debug|Any CPU.ActiveCfg = Debug|Any CPU
		{058FF713-646E-429B-AE1D-D8EAB0E5431E}.Release|Any CPU.ActiveCfg = Release|Any CPU
	EndGlobalSection
	GlobalSection(SolutionProperties) = preSolution
		HideSolutionNode = FALSE
	EndGlobalSection
	GlobalSection(ExtensibilityGlobals) = postSolution
		SolutionGuid = {C882B981-3E5B-4440-B600-E0BC25A2D3E0}
	EndGlobalSection
EndGlobal
